
Microsoft Visual Studio Solution File, Format Version 12.00
Project("{2150E333-8FDC-42A3-9474-1A3956D46DE8}") = "Ch01", "Ch01", "{D62B208B-EEE7-4289-B33F-AC48E55577EE}"
EndProject
Project("{FAE04EC0-301F-11D3-BF4B-00C04F79EFBC}") = "Recipe1", "Recipe1\Recipe1.csproj", "{B9859984-2B28-47BA-9055-FDD564AEF872}"
EndProject
Project("{FAE04EC0-301F-11D3-BF4B-00C04F79EFBC}") = "Recipe2", "Recipe2\Recipe2.csproj", "{A9458BF5-0877-49C4-8517-F2CA098E7289}"
EndProject
Project("{FAE04EC0-301F-11D3-BF4B-00C04F79EFBC}") = "Recipe3", "Recipe3\Recipe3.csproj", "{91241A20-457C-406A-8D92-4054DA70ACBF}"
EndProject
Project("{FAE04EC0-301F-11D3-BF4B-00C04F79EFBC}") = "Recipe4", "Recipe4\Recipe4.csproj", "{4632C803-9253-4DB4-9FE5-83CA780685C9}"
EndProject
Project("{FAE04EC0-301F-11D3-BF4B-00C04F79EFBC}") = "Recipe5", "Recipe5\Recipe5.csproj", "{36B36369-A777-4E76-8F22-6217850F7E71}"
EndProject
Project("{FAE04EC0-301F-11D3-BF4B-00C04F79EFBC}") = "Recipe6", "Recipe6\Recipe6.csproj", "{E6E1828D-D6B8-476B-ADD5-6027E2EC887E}"
EndProject
Global
	GlobalSection(SolutionConfigurationPlatforms) = preSolution
		Debug|Any CPU = Debug|Any CPU
		Release|Any CPU = Release|Any CPU
	EndGlobalSection
	GlobalSection(NestedProjects) = preSolution
		{B9859984-2B28-47BA-9055-FDD564AEF872} = {D62B208B-EEE7-4289-B33F-AC48E55577EE}
		{A9458BF5-0877-49C4-8517-F2CA098E7289} = {D62B208B-EEE7-4289-B33F-AC48E55577EE}
		{91241A20-457C-406A-8D92-4054DA70ACBF} = {D62B208B-EEE7-4289-B33F-AC48E55577EE}
		{4632C803-9253-4DB4-9FE5-83CA780685C9} = {D62B208B-EEE7-4289-B33F-AC48E55577EE}
		{36B36369-A777-4E76-8F22-6217850F7E71} = {D62B208B-EEE7-4289-B33F-AC48E55577EE}
		{E6E1828D-D6B8-476B-ADD5-6027E2EC887E} = {D62B208B-EEE7-4289-B33F-AC48E55577EE}
	EndGlobalSection
	GlobalSection(ProjectConfigurationPlatforms) = postSolution
		{B9859984-2B28-47BA-9055-FDD564AEF872}.Debug|Any CPU.ActiveCfg = Debug|Any CPU
		{B9859984-2B28-47BA-9055-FDD564AEF872}.Debug|Any CPU.Build.0 = Debug|Any CPU
		{B9859984-2B28-47BA-9055-FDD564AEF872}.Release|Any CPU.ActiveCfg = Release|Any CPU
		{B9859984-2B28-47BA-9055-FDD564AEF872}.Release|Any CPU.Build.0 = Release|Any CPU
		{A9458BF5-0877-49C4-8517-F2CA098E7289}.Debug|Any CPU.ActiveCfg = Debug|Any CPU
		{A9458BF5-0877-49C4-8517-F2CA098E7289}.Debug|Any CPU.Build.0 = Debug|Any CPU
		{A9458BF5-0877-49C4-8517-F2CA098E7289}.Release|Any CPU.ActiveCfg = Release|Any CPU
		{A9458BF5-0877-49C4-8517-F2CA098E7289}.Release|Any CPU.Build.0 = Release|Any CPU
		{91241A20-457C-406A-8D92-4054DA70ACBF}.Debug|Any CPU.ActiveCfg = Debug|Any CPU
		{91241A20-457C-406A-8D92-4054DA70ACBF}.Debug|Any CPU.Build.0 = Debug|Any CPU
		{91241A20-457C-406A-8D92-4054DA70ACBF}.Release|Any CPU.ActiveCfg = Release|Any CPU
		{91241A20-457C-406A-8D92-4054DA70ACBF}.Release|Any CPU.Build.0 = Release|Any CPU
		{4632C803-9253-4DB4-9FE5-83CA780685C9}.Debug|Any CPU.ActiveCfg = Debug|Any CPU
		{4632C803-9253-4DB4-9FE5-83CA780685C9}.Debug|Any CPU.Build.0 = Debug|Any CPU
		{4632C803-9253-4DB4-9FE5-83CA780685C9}.Release|Any CPU.ActiveCfg = Release|Any CPU
		{4632C803-9253-4DB4-9FE5-83CA780685C9}.Release|Any CPU.Build.0 = Release|Any CPU
		{36B36369-A777-4E76-8F22-6217850F7E71}.Debug|Any CPU.ActiveCfg = Debug|Any CPU
		{36B36369-A777-4E76-8F22-6217850F7E71}.Debug|Any CPU.Build.0 = Debug|Any CPU
		{36B36369-A777-4E76-8F22-6217850F7E71}.Release|Any CPU.ActiveCfg = Release|Any CPU
		{36B36369-A777-4E76-8F22-6217850F7E71}.Release|Any CPU.Build.0 = Release|Any CPU
		{E6E1828D-D6B8-476B-ADD5-6027E2EC887E}.Debug|Any CPU.ActiveCfg = Debug|Any CPU
		{E6E1828D-D6B8-476B-ADD5-6027E2EC887E}.Debug|Any CPU.Build.0 = Debug|Any CPU
		{E6E1828D-D6B8-476B-ADD5-6027E2EC887E}.Release|Any CPU.ActiveCfg = Release|Any CPU
		{E6E1828D-D6B8-476B-ADD5-6027E2EC887E}.Release|Any CPU.Build.0 = Release|Any CPU
	EndGlobalSection
EndGlobal
