
Microsoft Visual Studio Solution File, Format Version 12.00
Project("{2150E333-8FDC-42A3-9474-1A3956D46DE8}") = "Ch01", "Ch01", "{D62B208B-EEE7-4289-B33F-AC48E55577EE}"
EndProject
Project("{FAE04EC0-301F-11D3-BF4B-00C04F79EFBC}") = "Recipe01", "Ch01\Recipe01\Recipe01.csproj", "{B9859984-2B28-47BA-9055-FDD564AEF872}"
EndProject
Project("{FAE04EC0-301F-11D3-BF4B-00C04F79EFBC}") = "Recipe02", "Ch01\Recipe02\Recipe02.csproj", "{A9458BF5-0877-49C4-8517-F2CA098E7289}"
EndProject
Project("{FAE04EC0-301F-11D3-BF4B-00C04F79EFBC}") = "Recipe03", "Ch01\Recipe03\Recipe03.csproj", "{91241A20-457C-406A-8D92-4054DA70ACBF}"
EndProject
Project("{FAE04EC0-301F-11D3-BF4B-00C04F79EFBC}") = "Recipe04", "Ch01\Recipe04\Recipe04.csproj", "{4632C803-9253-4DB4-9FE5-83CA780685C9}"
EndProject
Project("{FAE04EC0-301F-11D3-BF4B-00C04F79EFBC}") = "Recipe05", "Ch01\Recipe05\Recipe05.csproj", "{36B36369-A777-4E76-8F22-6217850F7E71}"
EndProject
Project("{FAE04EC0-301F-11D3-BF4B-00C04F79EFBC}") = "Recipe06", "Ch01\Recipe06\Recipe06.csproj", "{E6E1828D-D6B8-476B-ADD5-6027E2EC887E}"
EndProject
Project("{FAE04EC0-301F-11D3-BF4B-00C04F79EFBC}") = "Recipe07", "Ch01\Recipe07\Recipe07.csproj", "{412AED09-717E-49C0-AF2C-BAB084E7EE17}"
EndProject
Project("{FAE04EC0-301F-11D3-BF4B-00C04F79EFBC}") = "Recipe08", "Ch01\Recipe08\Recipe08.csproj", "{9A6C57BF-0D08-4267-8D74-2225490109D2}"
EndProject
Project("{FAE04EC0-301F-11D3-BF4B-00C04F79EFBC}") = "Recipe09", "Ch01\Recipe09\Recipe09.csproj", "{85559902-6BC6-4402-8BFD-1C514B90D3D5}"
EndProject
Project("{FAE04EC0-301F-11D3-BF4B-00C04F79EFBC}") = "Recipe10", "Ch01\Recipe10\Recipe10.csproj", "{5A3BA576-3373-41BF-A922-C507552E953E}"
EndProject
Project("{FAE04EC0-301F-11D3-BF4B-00C04F79EFBC}") = "Recipe11", "Ch01\Recipe11\Recipe11.csproj", "{7C69888C-5C7D-4B7B-9D0F-E000ECB2F73A}"
EndProject
Global
	GlobalSection(SolutionConfigurationPlatforms) = preSolution
		Debug|Any CPU = Debug|Any CPU
		Release|Any CPU = Release|Any CPU
	EndGlobalSection
	GlobalSection(NestedProjects) = preSolution
		{B9859984-2B28-47BA-9055-FDD564AEF872} = {D62B208B-EEE7-4289-B33F-AC48E55577EE}
		{A9458BF5-0877-49C4-8517-F2CA098E7289} = {D62B208B-EEE7-4289-B33F-AC48E55577EE}
		{91241A20-457C-406A-8D92-4054DA70ACBF} = {D62B208B-EEE7-4289-B33F-AC48E55577EE}
		{4632C803-9253-4DB4-9FE5-83CA780685C9} = {D62B208B-EEE7-4289-B33F-AC48E55577EE}
		{36B36369-A777-4E76-8F22-6217850F7E71} = {D62B208B-EEE7-4289-B33F-AC48E55577EE}
		{E6E1828D-D6B8-476B-ADD5-6027E2EC887E} = {D62B208B-EEE7-4289-B33F-AC48E55577EE}
		{412AED09-717E-49C0-AF2C-BAB084E7EE17} = {D62B208B-EEE7-4289-B33F-AC48E55577EE}
		{9A6C57BF-0D08-4267-8D74-2225490109D2} = {D62B208B-EEE7-4289-B33F-AC48E55577EE}
		{85559902-6BC6-4402-8BFD-1C514B90D3D5} = {D62B208B-EEE7-4289-B33F-AC48E55577EE}
		{5A3BA576-3373-41BF-A922-C507552E953E} = {D62B208B-EEE7-4289-B33F-AC48E55577EE}
		{7C69888C-5C7D-4B7B-9D0F-E000ECB2F73A} = {D62B208B-EEE7-4289-B33F-AC48E55577EE}
	EndGlobalSection
	GlobalSection(ProjectConfigurationPlatforms) = postSolution
		{B9859984-2B28-47BA-9055-FDD564AEF872}.Debug|Any CPU.ActiveCfg = Debug|Any CPU
		{B9859984-2B28-47BA-9055-FDD564AEF872}.Debug|Any CPU.Build.0 = Debug|Any CPU
		{B9859984-2B28-47BA-9055-FDD564AEF872}.Release|Any CPU.ActiveCfg = Release|Any CPU
		{B9859984-2B28-47BA-9055-FDD564AEF872}.Release|Any CPU.Build.0 = Release|Any CPU
		{A9458BF5-0877-49C4-8517-F2CA098E7289}.Debug|Any CPU.ActiveCfg = Debug|Any CPU
		{A9458BF5-0877-49C4-8517-F2CA098E7289}.Debug|Any CPU.Build.0 = Debug|Any CPU
		{A9458BF5-0877-49C4-8517-F2CA098E7289}.Release|Any CPU.ActiveCfg = Release|Any CPU
		{A9458BF5-0877-49C4-8517-F2CA098E7289}.Release|Any CPU.Build.0 = Release|Any CPU
		{91241A20-457C-406A-8D92-4054DA70ACBF}.Debug|Any CPU.ActiveCfg = Debug|Any CPU
		{91241A20-457C-406A-8D92-4054DA70ACBF}.Debug|Any CPU.Build.0 = Debug|Any CPU
		{91241A20-457C-406A-8D92-4054DA70ACBF}.Release|Any CPU.ActiveCfg = Release|Any CPU
		{91241A20-457C-406A-8D92-4054DA70ACBF}.Release|Any CPU.Build.0 = Release|Any CPU
		{4632C803-9253-4DB4-9FE5-83CA780685C9}.Debug|Any CPU.ActiveCfg = Debug|Any CPU
		{4632C803-9253-4DB4-9FE5-83CA780685C9}.Debug|Any CPU.Build.0 = Debug|Any CPU
		{4632C803-9253-4DB4-9FE5-83CA780685C9}.Release|Any CPU.ActiveCfg = Release|Any CPU
		{4632C803-9253-4DB4-9FE5-83CA780685C9}.Release|Any CPU.Build.0 = Release|Any CPU
		{36B36369-A777-4E76-8F22-6217850F7E71}.Debug|Any CPU.ActiveCfg = Debug|Any CPU
		{36B36369-A777-4E76-8F22-6217850F7E71}.Debug|Any CPU.Build.0 = Debug|Any CPU
		{36B36369-A777-4E76-8F22-6217850F7E71}.Release|Any CPU.ActiveCfg = Release|Any CPU
		{36B36369-A777-4E76-8F22-6217850F7E71}.Release|Any CPU.Build.0 = Release|Any CPU
		{E6E1828D-D6B8-476B-ADD5-6027E2EC887E}.Debug|Any CPU.ActiveCfg = Debug|Any CPU
		{E6E1828D-D6B8-476B-ADD5-6027E2EC887E}.Debug|Any CPU.Build.0 = Debug|Any CPU
		{E6E1828D-D6B8-476B-ADD5-6027E2EC887E}.Release|Any CPU.ActiveCfg = Release|Any CPU
		{E6E1828D-D6B8-476B-ADD5-6027E2EC887E}.Release|Any CPU.Build.0 = Release|Any CPU
		{412AED09-717E-49C0-AF2C-BAB084E7EE17}.Debug|Any CPU.ActiveCfg = Debug|Any CPU
		{412AED09-717E-49C0-AF2C-BAB084E7EE17}.Debug|Any CPU.Build.0 = Debug|Any CPU
		{412AED09-717E-49C0-AF2C-BAB084E7EE17}.Release|Any CPU.ActiveCfg = Release|Any CPU
		{412AED09-717E-49C0-AF2C-BAB084E7EE17}.Release|Any CPU.Build.0 = Release|Any CPU
		{9A6C57BF-0D08-4267-8D74-2225490109D2}.Debug|Any CPU.ActiveCfg = Debug|Any CPU
		{9A6C57BF-0D08-4267-8D74-2225490109D2}.Debug|Any CPU.Build.0 = Debug|Any CPU
		{9A6C57BF-0D08-4267-8D74-2225490109D2}.Release|Any CPU.ActiveCfg = Release|Any CPU
		{9A6C57BF-0D08-4267-8D74-2225490109D2}.Release|Any CPU.Build.0 = Release|Any CPU
		{85559902-6BC6-4402-8BFD-1C514B90D3D5}.Debug|Any CPU.ActiveCfg = Debug|Any CPU
		{85559902-6BC6-4402-8BFD-1C514B90D3D5}.Debug|Any CPU.Build.0 = Debug|Any CPU
		{85559902-6BC6-4402-8BFD-1C514B90D3D5}.Release|Any CPU.ActiveCfg = Release|Any CPU
		{85559902-6BC6-4402-8BFD-1C514B90D3D5}.Release|Any CPU.Build.0 = Release|Any CPU
		{5A3BA576-3373-41BF-A922-C507552E953E}.Debug|Any CPU.ActiveCfg = Debug|Any CPU
		{5A3BA576-3373-41BF-A922-C507552E953E}.Debug|Any CPU.Build.0 = Debug|Any CPU
		{5A3BA576-3373-41BF-A922-C507552E953E}.Release|Any CPU.ActiveCfg = Release|Any CPU
		{5A3BA576-3373-41BF-A922-C507552E953E}.Release|Any CPU.Build.0 = Release|Any CPU
		{7C69888C-5C7D-4B7B-9D0F-E000ECB2F73A}.Debug|Any CPU.ActiveCfg = Debug|Any CPU
		{7C69888C-5C7D-4B7B-9D0F-E000ECB2F73A}.Debug|Any CPU.Build.0 = Debug|Any CPU
		{7C69888C-5C7D-4B7B-9D0F-E000ECB2F73A}.Release|Any CPU.ActiveCfg = Release|Any CPU
		{7C69888C-5C7D-4B7B-9D0F-E000ECB2F73A}.Release|Any CPU.Build.0 = Release|Any CPU
	EndGlobalSection
EndGlobal
