
Microsoft Visual Studio Solution File, Format Version 12.00
Project("{2150E333-8FDC-42A3-9474-1A3956D46DE8}") = "Ch01", "Ch01", "{D62B208B-EEE7-4289-B33F-AC48E55577EE}"
EndProject
Project("{FAE04EC0-301F-11D3-BF4B-00C04F79EFBC}") = "Recipe01", "Ch01\Recipe01\Recipe01.csproj", "{B9859984-2B28-47BA-9055-FDD564AEF872}"
EndProject
Project("{FAE04EC0-301F-11D3-BF4B-00C04F79EFBC}") = "Recipe02", "Ch01\Recipe02\Recipe02.csproj", "{A9458BF5-0877-49C4-8517-F2CA098E7289}"
EndProject
Project("{FAE04EC0-301F-11D3-BF4B-00C04F79EFBC}") = "Recipe03", "Ch01\Recipe03\Recipe03.csproj", "{91241A20-457C-406A-8D92-4054DA70ACBF}"
EndProject
Project("{FAE04EC0-301F-11D3-BF4B-00C04F79EFBC}") = "Recipe04", "Ch01\Recipe04\Recipe04.csproj", "{4632C803-9253-4DB4-9FE5-83CA780685C9}"
EndProject
Project("{FAE04EC0-301F-11D3-BF4B-00C04F79EFBC}") = "Recipe05", "Ch01\Recipe05\Recipe05.csproj", "{36B36369-A777-4E76-8F22-6217850F7E71}"
EndProject
Project("{FAE04EC0-301F-11D3-BF4B-00C04F79EFBC}") = "Recipe06", "Ch01\Recipe06\Recipe06.csproj", "{E6E1828D-D6B8-476B-ADD5-6027E2EC887E}"
EndProject
Project("{FAE04EC0-301F-11D3-BF4B-00C04F79EFBC}") = "Recipe07", "Ch01\Recipe07\Recipe07.csproj", "{412AED09-717E-49C0-AF2C-BAB084E7EE17}"
EndProject
Project("{FAE04EC0-301F-11D3-BF4B-00C04F79EFBC}") = "Recipe08", "Ch01\Recipe08\Recipe08.csproj", "{9A6C57BF-0D08-4267-8D74-2225490109D2}"
EndProject
Project("{FAE04EC0-301F-11D3-BF4B-00C04F79EFBC}") = "Recipe09", "Ch01\Recipe09\Recipe09.csproj", "{85559902-6BC6-4402-8BFD-1C514B90D3D5}"
EndProject
Project("{FAE04EC0-301F-11D3-BF4B-00C04F79EFBC}") = "Recipe10", "Ch01\Recipe10\Recipe10.csproj", "{5A3BA576-3373-41BF-A922-C507552E953E}"
EndProject
Project("{FAE04EC0-301F-11D3-BF4B-00C04F79EFBC}") = "Recipe11", "Ch01\Recipe11\Recipe11.csproj", "{7C69888C-5C7D-4B7B-9D0F-E000ECB2F73A}"
EndProject
Project("{2150E333-8FDC-42A3-9474-1A3956D46DE8}") = "Ch02", "Ch02", "{CB453118-5700-43D6-AACE-950D7A67F675}"
EndProject
Project("{FAE04EC0-301F-11D3-BF4B-00C04F79EFBC}") = "Recipe1", "Ch02\Recipe01\Recipe01.csproj", "{D67EDBBA-9935-4018-B2CE-06080209B08B}"
EndProject
Project("{FAE04EC0-301F-11D3-BF4B-00C04F79EFBC}") = "Recipe2", "Ch02\Recipe02\Recipe02.csproj", "{DA019C73-3550-4FD8-84FC-B7009D67D656}"
EndProject
Project("{FAE04EC0-301F-11D3-BF4B-00C04F79EFBC}") = "Recipe3", "Ch02\Recipe03\Recipe03.csproj", "{7820C95E-E572-4E9B-96A9-96DE95D60E45}"
EndProject
Project("{FAE04EC0-301F-11D3-BF4B-00C04F79EFBC}") = "Recipe4", "Ch02\Recipe04\Recipe04.csproj", "{64EB161C-433F-4100-B4AA-7EC4E77B6067}"
EndProject
Project("{FAE04EC0-301F-11D3-BF4B-00C04F79EFBC}") = "Recipe5", "Ch02\Recipe05\Recipe05.csproj", "{5CB8DADE-3786-4CFE-9B36-E7F4D362F97C}"
EndProject
Project("{FAE04EC0-301F-11D3-BF4B-00C04F79EFBC}") = "Recipe6", "Ch02\Recipe06\Recipe06.csproj", "{D5CDDA6A-5377-42CC-AA83-A7A8DCD03779}"
EndProject
Project("{FAE04EC0-301F-11D3-BF4B-00C04F79EFBC}") = "Recipe07", "Ch02\Recipe07\Recipe07.csproj", "{98596F12-366E-484D-B279-36FE3F5570D7}"
EndProject
Project("{FAE04EC0-301F-11D3-BF4B-00C04F79EFBC}") = "Recipe08", "Ch02\Recipe08\Recipe08.csproj", "{88BE098B-FAA3-43D7-A76A-76087F916FD4}"
EndProject
Project("{FAE04EC0-301F-11D3-BF4B-00C04F79EFBC}") = "Recipe09", "Ch02\Recipe09\Recipe09.csproj", "{7A4AD07A-E937-4F4F-B8C3-F01520306DF0}"
EndProject
Project("{2150E333-8FDC-42A3-9474-1A3956D46DE8}") = "Ch03", "Ch03", "{2EC95154-F9DD-4182-A012-6C3F90989BE3}"
EndProject
Project("{FAE04EC0-301F-11D3-BF4B-00C04F79EFBC}") = "Recipe01", "Ch03\Recipe01\Recipe01.csproj", "{A2300F45-2D2F-49E5-A1A7-50B1969C67DF}"
EndProject
Project("{FAE04EC0-301F-11D3-BF4B-00C04F79EFBC}") = "Recipe02", "Ch03\Recipe02\Recipe02.csproj", "{45939161-7F31-49E3-9B1F-4CBD97649BDC}"
EndProject
Project("{FAE04EC0-301F-11D3-BF4B-00C04F79EFBC}") = "Recipe03", "Ch03\Recipe03\Recipe03.csproj", "{7B686C44-0E36-4D42-A5F1-9AC1D4ABBC22}"
EndProject
Project("{FAE04EC0-301F-11D3-BF4B-00C04F79EFBC}") = "Recipe04", "Ch03\Recipe04\Recipe04.csproj", "{BEE0ADCD-2008-46A7-9A1F-690075CFD131}"
EndProject
Project("{FAE04EC0-301F-11D3-BF4B-00C04F79EFBC}") = "Recipe05", "Ch03\Recipe05\Recipe05.csproj", "{38291566-C6AB-4C16-94F6-2B3D46C374CB}"
EndProject
Project("{FAE04EC0-301F-11D3-BF4B-00C04F79EFBC}") = "Recipe06", "Ch03\Recipe06\Recipe06.csproj", "{479503F8-5211-4536-83BE-E64666F6309F}"
EndProject
Project("{FAE04EC0-301F-11D3-BF4B-00C04F79EFBC}") = "Recipe07", "Ch03\Recipe07\Recipe07.csproj", "{51569727-B2D8-4AD9-897A-BCDAB3509198}"
EndProject
Project("{2150E333-8FDC-42A3-9474-1A3956D46DE8}") = "Ch04", "Ch04", "{05C64D54-B899-4A3E-AC2C-5E37D02D728B}"
EndProject
Project("{FAE04EC0-301F-11D3-BF4B-00C04F79EFBC}") = "Recipe01", "Ch04\Recipe01\Recipe01.csproj", "{88EC0FF3-1724-4360-8DF7-C16E752F32CA}"
EndProject
Project("{FAE04EC0-301F-11D3-BF4B-00C04F79EFBC}") = "Recipe02", "Ch04\Recipe02\Recipe02.csproj", "{25C1DCCC-2553-4949-ADD3-B20194833B35}"
EndProject
Project("{FAE04EC0-301F-11D3-BF4B-00C04F79EFBC}") = "Recipe03", "Ch04\Recipe03\Recipe03.csproj", "{31CE758F-1434-45C9-B5BF-52D10BDAD1C0}"
EndProject
Project("{FAE04EC0-301F-11D3-BF4B-00C04F79EFBC}") = "Recipe04", "Ch04\Recipe04\Recipe04.csproj", "{5FF074C9-AB2E-4F88-BBD9-F919E86B23C9}"
EndProject
Project("{FAE04EC0-301F-11D3-BF4B-00C04F79EFBC}") = "Recipe05", "Ch04\Recipe05\Recipe05.csproj", "{9F295869-133E-461B-8A88-9F021F1EC39E}"
EndProject
Project("{FAE04EC0-301F-11D3-BF4B-00C04F79EFBC}") = "Recipe06", "Ch04\Recipe06\Recipe06.csproj", "{DD4A706B-FFE5-42DB-B48E-39F6A6460167}"
EndProject
Project("{FAE04EC0-301F-11D3-BF4B-00C04F79EFBC}") = "Recipe07", "Ch04\Recipe07\Recipe07.csproj", "{A33B841E-D4FF-409F-AE24-964DEAB6B6C4}"
EndProject
Project("{FAE04EC0-301F-11D3-BF4B-00C04F79EFBC}") = "Recipe08", "Ch04\Recipe08\Recipe08.csproj", "{4CA2B7A2-6FE4-451D-A3F4-3B627E7CBE83}"
EndProject
Project("{2150E333-8FDC-42A3-9474-1A3956D46DE8}") = "Ch05", "Ch05", "{B327AE84-44AA-4A41-802F-2900A63623B2}"
EndProject
Project("{FAE04EC0-301F-11D3-BF4B-00C04F79EFBC}") = "Recipe01", "Ch05\Recipe01\Recipe01.csproj", "{5D6876F5-7650-4611-B50E-A8B35E10551E}"
EndProject
Project("{FAE04EC0-301F-11D3-BF4B-00C04F79EFBC}") = "Recipe02", "Ch05\Recipe02\Recipe02.csproj", "{B5344628-40A3-4D6E-B9B1-032E6CD70D7D}"
EndProject
Project("{FAE04EC0-301F-11D3-BF4B-00C04F79EFBC}") = "Recipe03", "Ch05\Recipe03\Recipe03.csproj", "{182E6703-1F03-470B-B082-2BAC412A9546}"
EndProject
Project("{FAE04EC0-301F-11D3-BF4B-00C04F79EFBC}") = "Recipe04", "Ch05\Recipe04\Recipe04.csproj", "{B1FD99B9-5AF7-4AF2-AA89-05C6C43531EF}"
EndProject
Project("{FAE04EC0-301F-11D3-BF4B-00C04F79EFBC}") = "Recipe05", "Ch05\Recipe05\Recipe05.csproj", "{BEA7445A-CCFC-47D2-807D-0BC47907AE23}"
EndProject
Project("{FAE04EC0-301F-11D3-BF4B-00C04F79EFBC}") = "Recipe07", "Ch05\Recipe07\Recipe07.csproj", "{68E9B024-47BA-4535-BB8E-30925EB9A939}"
EndProject
Project("{FAE04EC0-301F-11D3-BF4B-00C04F79EFBC}") = "Recipe08", "Ch05\Recipe08\Recipe08.csproj", "{9789F416-F36C-4784-A47B-EA1E491644C4}"
EndProject
Project("{FAE04EC0-301F-11D3-BF4B-00C04F79EFBC}") = "Recipe09", "Ch05\Recipe09\Recipe09.csproj", "{02A1C940-ABCA-4B70-A4BF-32479BCE23CF}"
EndProject
Project("{2150E333-8FDC-42A3-9474-1A3956D46DE8}") = "Ch06", "Ch06", "{FBEC3421-BC32-442C-B75D-A9E89A880EB0}"
EndProject
Project("{FAE04EC0-301F-11D3-BF4B-00C04F79EFBC}") = "Recipe01", "Ch06\Recipe01\Recipe01.csproj", "{5E472A05-09AE-406F-8184-9BEC30736C4C}"
EndProject
Project("{FAE04EC0-301F-11D3-BF4B-00C04F79EFBC}") = "Recipe02", "Ch06\Recipe02\Recipe02.csproj", "{D4733D6F-691B-418D-90DC-04F748064DBD}"
EndProject
Project("{FAE04EC0-301F-11D3-BF4B-00C04F79EFBC}") = "Recipe03", "Ch06\Recipe03\Recipe03.csproj", "{7ED563C8-8B35-4988-94B7-203E4B874F3F}"
EndProject
Project("{FAE04EC0-301F-11D3-BF4B-00C04F79EFBC}") = "Recipe04", "Ch06\Recipe04\Recipe04.csproj", "{BEECEEAB-6748-45B0-874C-F66A4865468B}"
EndProject
Project("{FAE04EC0-301F-11D3-BF4B-00C04F79EFBC}") = "Recipe05", "Ch06\Recipe05\Recipe05.csproj", "{69305556-89BD-42A0-931F-6F6EA7CFB852}"
EndProject
Project("{2150E333-8FDC-42A3-9474-1A3956D46DE8}") = "Ch07", "Ch07", "{48DF3145-5993-4455-A13E-E837AD82AEE3}"
EndProject
Project("{FAE04EC0-301F-11D3-BF4B-00C04F79EFBC}") = "Recipe01", "Recipe01\Recipe01.csproj", "{895DFA92-C63F-4353-B27B-5DCA2E3C9AE5}"
EndProject
Global
	GlobalSection(SolutionConfigurationPlatforms) = preSolution
		Debug|Any CPU = Debug|Any CPU
		Release|Any CPU = Release|Any CPU
	EndGlobalSection
	GlobalSection(NestedProjects) = preSolution
		{B9859984-2B28-47BA-9055-FDD564AEF872} = {D62B208B-EEE7-4289-B33F-AC48E55577EE}
		{A9458BF5-0877-49C4-8517-F2CA098E7289} = {D62B208B-EEE7-4289-B33F-AC48E55577EE}
		{91241A20-457C-406A-8D92-4054DA70ACBF} = {D62B208B-EEE7-4289-B33F-AC48E55577EE}
		{4632C803-9253-4DB4-9FE5-83CA780685C9} = {D62B208B-EEE7-4289-B33F-AC48E55577EE}
		{36B36369-A777-4E76-8F22-6217850F7E71} = {D62B208B-EEE7-4289-B33F-AC48E55577EE}
		{E6E1828D-D6B8-476B-ADD5-6027E2EC887E} = {D62B208B-EEE7-4289-B33F-AC48E55577EE}
		{412AED09-717E-49C0-AF2C-BAB084E7EE17} = {D62B208B-EEE7-4289-B33F-AC48E55577EE}
		{9A6C57BF-0D08-4267-8D74-2225490109D2} = {D62B208B-EEE7-4289-B33F-AC48E55577EE}
		{85559902-6BC6-4402-8BFD-1C514B90D3D5} = {D62B208B-EEE7-4289-B33F-AC48E55577EE}
		{5A3BA576-3373-41BF-A922-C507552E953E} = {D62B208B-EEE7-4289-B33F-AC48E55577EE}
		{7C69888C-5C7D-4B7B-9D0F-E000ECB2F73A} = {D62B208B-EEE7-4289-B33F-AC48E55577EE}
		{D67EDBBA-9935-4018-B2CE-06080209B08B} = {CB453118-5700-43D6-AACE-950D7A67F675}
		{DA019C73-3550-4FD8-84FC-B7009D67D656} = {CB453118-5700-43D6-AACE-950D7A67F675}
		{7820C95E-E572-4E9B-96A9-96DE95D60E45} = {CB453118-5700-43D6-AACE-950D7A67F675}
		{64EB161C-433F-4100-B4AA-7EC4E77B6067} = {CB453118-5700-43D6-AACE-950D7A67F675}
		{5CB8DADE-3786-4CFE-9B36-E7F4D362F97C} = {CB453118-5700-43D6-AACE-950D7A67F675}
		{D5CDDA6A-5377-42CC-AA83-A7A8DCD03779} = {CB453118-5700-43D6-AACE-950D7A67F675}
		{98596F12-366E-484D-B279-36FE3F5570D7} = {CB453118-5700-43D6-AACE-950D7A67F675}
		{88BE098B-FAA3-43D7-A76A-76087F916FD4} = {CB453118-5700-43D6-AACE-950D7A67F675}
		{7A4AD07A-E937-4F4F-B8C3-F01520306DF0} = {CB453118-5700-43D6-AACE-950D7A67F675}
		{A2300F45-2D2F-49E5-A1A7-50B1969C67DF} = {2EC95154-F9DD-4182-A012-6C3F90989BE3}
		{45939161-7F31-49E3-9B1F-4CBD97649BDC} = {2EC95154-F9DD-4182-A012-6C3F90989BE3}
		{7B686C44-0E36-4D42-A5F1-9AC1D4ABBC22} = {2EC95154-F9DD-4182-A012-6C3F90989BE3}
		{BEE0ADCD-2008-46A7-9A1F-690075CFD131} = {2EC95154-F9DD-4182-A012-6C3F90989BE3}
		{38291566-C6AB-4C16-94F6-2B3D46C374CB} = {2EC95154-F9DD-4182-A012-6C3F90989BE3}
		{479503F8-5211-4536-83BE-E64666F6309F} = {2EC95154-F9DD-4182-A012-6C3F90989BE3}
		{51569727-B2D8-4AD9-897A-BCDAB3509198} = {2EC95154-F9DD-4182-A012-6C3F90989BE3}
		{88EC0FF3-1724-4360-8DF7-C16E752F32CA} = {05C64D54-B899-4A3E-AC2C-5E37D02D728B}
		{25C1DCCC-2553-4949-ADD3-B20194833B35} = {05C64D54-B899-4A3E-AC2C-5E37D02D728B}
		{31CE758F-1434-45C9-B5BF-52D10BDAD1C0} = {05C64D54-B899-4A3E-AC2C-5E37D02D728B}
		{5FF074C9-AB2E-4F88-BBD9-F919E86B23C9} = {05C64D54-B899-4A3E-AC2C-5E37D02D728B}
		{9F295869-133E-461B-8A88-9F021F1EC39E} = {05C64D54-B899-4A3E-AC2C-5E37D02D728B}
		{DD4A706B-FFE5-42DB-B48E-39F6A6460167} = {05C64D54-B899-4A3E-AC2C-5E37D02D728B}
		{A33B841E-D4FF-409F-AE24-964DEAB6B6C4} = {05C64D54-B899-4A3E-AC2C-5E37D02D728B}
		{4CA2B7A2-6FE4-451D-A3F4-3B627E7CBE83} = {05C64D54-B899-4A3E-AC2C-5E37D02D728B}
		{5D6876F5-7650-4611-B50E-A8B35E10551E} = {B327AE84-44AA-4A41-802F-2900A63623B2}
		{B5344628-40A3-4D6E-B9B1-032E6CD70D7D} = {B327AE84-44AA-4A41-802F-2900A63623B2}
		{182E6703-1F03-470B-B082-2BAC412A9546} = {B327AE84-44AA-4A41-802F-2900A63623B2}
		{B1FD99B9-5AF7-4AF2-AA89-05C6C43531EF} = {B327AE84-44AA-4A41-802F-2900A63623B2}
		{BEA7445A-CCFC-47D2-807D-0BC47907AE23} = {B327AE84-44AA-4A41-802F-2900A63623B2}
		{68E9B024-47BA-4535-BB8E-30925EB9A939} = {B327AE84-44AA-4A41-802F-2900A63623B2}
		{9789F416-F36C-4784-A47B-EA1E491644C4} = {B327AE84-44AA-4A41-802F-2900A63623B2}
		{02A1C940-ABCA-4B70-A4BF-32479BCE23CF} = {B327AE84-44AA-4A41-802F-2900A63623B2}
		{5E472A05-09AE-406F-8184-9BEC30736C4C} = {FBEC3421-BC32-442C-B75D-A9E89A880EB0}
		{D4733D6F-691B-418D-90DC-04F748064DBD} = {FBEC3421-BC32-442C-B75D-A9E89A880EB0}
		{7ED563C8-8B35-4988-94B7-203E4B874F3F} = {FBEC3421-BC32-442C-B75D-A9E89A880EB0}
		{BEECEEAB-6748-45B0-874C-F66A4865468B} = {FBEC3421-BC32-442C-B75D-A9E89A880EB0}
		{69305556-89BD-42A0-931F-6F6EA7CFB852} = {FBEC3421-BC32-442C-B75D-A9E89A880EB0}
		{895DFA92-C63F-4353-B27B-5DCA2E3C9AE5} = {48DF3145-5993-4455-A13E-E837AD82AEE3}
	EndGlobalSection
	GlobalSection(ProjectConfigurationPlatforms) = postSolution
		{B9859984-2B28-47BA-9055-FDD564AEF872}.Debug|Any CPU.ActiveCfg = Debug|Any CPU
		{B9859984-2B28-47BA-9055-FDD564AEF872}.Debug|Any CPU.Build.0 = Debug|Any CPU
		{B9859984-2B28-47BA-9055-FDD564AEF872}.Release|Any CPU.ActiveCfg = Release|Any CPU
		{B9859984-2B28-47BA-9055-FDD564AEF872}.Release|Any CPU.Build.0 = Release|Any CPU
		{A9458BF5-0877-49C4-8517-F2CA098E7289}.Debug|Any CPU.ActiveCfg = Debug|Any CPU
		{A9458BF5-0877-49C4-8517-F2CA098E7289}.Debug|Any CPU.Build.0 = Debug|Any CPU
		{A9458BF5-0877-49C4-8517-F2CA098E7289}.Release|Any CPU.ActiveCfg = Release|Any CPU
		{A9458BF5-0877-49C4-8517-F2CA098E7289}.Release|Any CPU.Build.0 = Release|Any CPU
		{91241A20-457C-406A-8D92-4054DA70ACBF}.Debug|Any CPU.ActiveCfg = Debug|Any CPU
		{91241A20-457C-406A-8D92-4054DA70ACBF}.Debug|Any CPU.Build.0 = Debug|Any CPU
		{91241A20-457C-406A-8D92-4054DA70ACBF}.Release|Any CPU.ActiveCfg = Release|Any CPU
		{91241A20-457C-406A-8D92-4054DA70ACBF}.Release|Any CPU.Build.0 = Release|Any CPU
		{4632C803-9253-4DB4-9FE5-83CA780685C9}.Debug|Any CPU.ActiveCfg = Debug|Any CPU
		{4632C803-9253-4DB4-9FE5-83CA780685C9}.Debug|Any CPU.Build.0 = Debug|Any CPU
		{4632C803-9253-4DB4-9FE5-83CA780685C9}.Release|Any CPU.ActiveCfg = Release|Any CPU
		{4632C803-9253-4DB4-9FE5-83CA780685C9}.Release|Any CPU.Build.0 = Release|Any CPU
		{36B36369-A777-4E76-8F22-6217850F7E71}.Debug|Any CPU.ActiveCfg = Debug|Any CPU
		{36B36369-A777-4E76-8F22-6217850F7E71}.Debug|Any CPU.Build.0 = Debug|Any CPU
		{36B36369-A777-4E76-8F22-6217850F7E71}.Release|Any CPU.ActiveCfg = Release|Any CPU
		{36B36369-A777-4E76-8F22-6217850F7E71}.Release|Any CPU.Build.0 = Release|Any CPU
		{E6E1828D-D6B8-476B-ADD5-6027E2EC887E}.Debug|Any CPU.ActiveCfg = Debug|Any CPU
		{E6E1828D-D6B8-476B-ADD5-6027E2EC887E}.Debug|Any CPU.Build.0 = Debug|Any CPU
		{E6E1828D-D6B8-476B-ADD5-6027E2EC887E}.Release|Any CPU.ActiveCfg = Release|Any CPU
		{E6E1828D-D6B8-476B-ADD5-6027E2EC887E}.Release|Any CPU.Build.0 = Release|Any CPU
		{412AED09-717E-49C0-AF2C-BAB084E7EE17}.Debug|Any CPU.ActiveCfg = Debug|Any CPU
		{412AED09-717E-49C0-AF2C-BAB084E7EE17}.Debug|Any CPU.Build.0 = Debug|Any CPU
		{412AED09-717E-49C0-AF2C-BAB084E7EE17}.Release|Any CPU.ActiveCfg = Release|Any CPU
		{412AED09-717E-49C0-AF2C-BAB084E7EE17}.Release|Any CPU.Build.0 = Release|Any CPU
		{9A6C57BF-0D08-4267-8D74-2225490109D2}.Debug|Any CPU.ActiveCfg = Debug|Any CPU
		{9A6C57BF-0D08-4267-8D74-2225490109D2}.Debug|Any CPU.Build.0 = Debug|Any CPU
		{9A6C57BF-0D08-4267-8D74-2225490109D2}.Release|Any CPU.ActiveCfg = Release|Any CPU
		{9A6C57BF-0D08-4267-8D74-2225490109D2}.Release|Any CPU.Build.0 = Release|Any CPU
		{85559902-6BC6-4402-8BFD-1C514B90D3D5}.Debug|Any CPU.ActiveCfg = Debug|Any CPU
		{85559902-6BC6-4402-8BFD-1C514B90D3D5}.Debug|Any CPU.Build.0 = Debug|Any CPU
		{85559902-6BC6-4402-8BFD-1C514B90D3D5}.Release|Any CPU.ActiveCfg = Release|Any CPU
		{85559902-6BC6-4402-8BFD-1C514B90D3D5}.Release|Any CPU.Build.0 = Release|Any CPU
		{5A3BA576-3373-41BF-A922-C507552E953E}.Debug|Any CPU.ActiveCfg = Debug|Any CPU
		{5A3BA576-3373-41BF-A922-C507552E953E}.Debug|Any CPU.Build.0 = Debug|Any CPU
		{5A3BA576-3373-41BF-A922-C507552E953E}.Release|Any CPU.ActiveCfg = Release|Any CPU
		{5A3BA576-3373-41BF-A922-C507552E953E}.Release|Any CPU.Build.0 = Release|Any CPU
		{7C69888C-5C7D-4B7B-9D0F-E000ECB2F73A}.Debug|Any CPU.ActiveCfg = Debug|Any CPU
		{7C69888C-5C7D-4B7B-9D0F-E000ECB2F73A}.Debug|Any CPU.Build.0 = Debug|Any CPU
		{7C69888C-5C7D-4B7B-9D0F-E000ECB2F73A}.Release|Any CPU.ActiveCfg = Release|Any CPU
		{7C69888C-5C7D-4B7B-9D0F-E000ECB2F73A}.Release|Any CPU.Build.0 = Release|Any CPU
		{D67EDBBA-9935-4018-B2CE-06080209B08B}.Debug|Any CPU.ActiveCfg = Debug|Any CPU
		{D67EDBBA-9935-4018-B2CE-06080209B08B}.Debug|Any CPU.Build.0 = Debug|Any CPU
		{D67EDBBA-9935-4018-B2CE-06080209B08B}.Release|Any CPU.ActiveCfg = Release|Any CPU
		{D67EDBBA-9935-4018-B2CE-06080209B08B}.Release|Any CPU.Build.0 = Release|Any CPU
		{DA019C73-3550-4FD8-84FC-B7009D67D656}.Debug|Any CPU.ActiveCfg = Debug|Any CPU
		{DA019C73-3550-4FD8-84FC-B7009D67D656}.Debug|Any CPU.Build.0 = Debug|Any CPU
		{DA019C73-3550-4FD8-84FC-B7009D67D656}.Release|Any CPU.ActiveCfg = Release|Any CPU
		{DA019C73-3550-4FD8-84FC-B7009D67D656}.Release|Any CPU.Build.0 = Release|Any CPU
		{7820C95E-E572-4E9B-96A9-96DE95D60E45}.Debug|Any CPU.ActiveCfg = Debug|Any CPU
		{7820C95E-E572-4E9B-96A9-96DE95D60E45}.Debug|Any CPU.Build.0 = Debug|Any CPU
		{7820C95E-E572-4E9B-96A9-96DE95D60E45}.Release|Any CPU.ActiveCfg = Release|Any CPU
		{7820C95E-E572-4E9B-96A9-96DE95D60E45}.Release|Any CPU.Build.0 = Release|Any CPU
		{64EB161C-433F-4100-B4AA-7EC4E77B6067}.Debug|Any CPU.ActiveCfg = Debug|Any CPU
		{64EB161C-433F-4100-B4AA-7EC4E77B6067}.Debug|Any CPU.Build.0 = Debug|Any CPU
		{64EB161C-433F-4100-B4AA-7EC4E77B6067}.Release|Any CPU.ActiveCfg = Release|Any CPU
		{64EB161C-433F-4100-B4AA-7EC4E77B6067}.Release|Any CPU.Build.0 = Release|Any CPU
		{5CB8DADE-3786-4CFE-9B36-E7F4D362F97C}.Debug|Any CPU.ActiveCfg = Debug|Any CPU
		{5CB8DADE-3786-4CFE-9B36-E7F4D362F97C}.Debug|Any CPU.Build.0 = Debug|Any CPU
		{5CB8DADE-3786-4CFE-9B36-E7F4D362F97C}.Release|Any CPU.ActiveCfg = Release|Any CPU
		{5CB8DADE-3786-4CFE-9B36-E7F4D362F97C}.Release|Any CPU.Build.0 = Release|Any CPU
		{D5CDDA6A-5377-42CC-AA83-A7A8DCD03779}.Debug|Any CPU.ActiveCfg = Debug|Any CPU
		{D5CDDA6A-5377-42CC-AA83-A7A8DCD03779}.Debug|Any CPU.Build.0 = Debug|Any CPU
		{D5CDDA6A-5377-42CC-AA83-A7A8DCD03779}.Release|Any CPU.ActiveCfg = Release|Any CPU
		{D5CDDA6A-5377-42CC-AA83-A7A8DCD03779}.Release|Any CPU.Build.0 = Release|Any CPU
		{98596F12-366E-484D-B279-36FE3F5570D7}.Debug|Any CPU.ActiveCfg = Debug|Any CPU
		{98596F12-366E-484D-B279-36FE3F5570D7}.Debug|Any CPU.Build.0 = Debug|Any CPU
		{98596F12-366E-484D-B279-36FE3F5570D7}.Release|Any CPU.ActiveCfg = Release|Any CPU
		{98596F12-366E-484D-B279-36FE3F5570D7}.Release|Any CPU.Build.0 = Release|Any CPU
		{88BE098B-FAA3-43D7-A76A-76087F916FD4}.Debug|Any CPU.ActiveCfg = Debug|Any CPU
		{88BE098B-FAA3-43D7-A76A-76087F916FD4}.Debug|Any CPU.Build.0 = Debug|Any CPU
		{88BE098B-FAA3-43D7-A76A-76087F916FD4}.Release|Any CPU.ActiveCfg = Release|Any CPU
		{88BE098B-FAA3-43D7-A76A-76087F916FD4}.Release|Any CPU.Build.0 = Release|Any CPU
		{7A4AD07A-E937-4F4F-B8C3-F01520306DF0}.Debug|Any CPU.ActiveCfg = Debug|Any CPU
		{7A4AD07A-E937-4F4F-B8C3-F01520306DF0}.Debug|Any CPU.Build.0 = Debug|Any CPU
		{7A4AD07A-E937-4F4F-B8C3-F01520306DF0}.Release|Any CPU.ActiveCfg = Release|Any CPU
		{7A4AD07A-E937-4F4F-B8C3-F01520306DF0}.Release|Any CPU.Build.0 = Release|Any CPU
		{A2300F45-2D2F-49E5-A1A7-50B1969C67DF}.Debug|Any CPU.ActiveCfg = Debug|Any CPU
		{A2300F45-2D2F-49E5-A1A7-50B1969C67DF}.Debug|Any CPU.Build.0 = Debug|Any CPU
		{A2300F45-2D2F-49E5-A1A7-50B1969C67DF}.Release|Any CPU.ActiveCfg = Release|Any CPU
		{A2300F45-2D2F-49E5-A1A7-50B1969C67DF}.Release|Any CPU.Build.0 = Release|Any CPU
		{45939161-7F31-49E3-9B1F-4CBD97649BDC}.Debug|Any CPU.ActiveCfg = Debug|Any CPU
		{45939161-7F31-49E3-9B1F-4CBD97649BDC}.Debug|Any CPU.Build.0 = Debug|Any CPU
		{45939161-7F31-49E3-9B1F-4CBD97649BDC}.Release|Any CPU.ActiveCfg = Release|Any CPU
		{45939161-7F31-49E3-9B1F-4CBD97649BDC}.Release|Any CPU.Build.0 = Release|Any CPU
		{7B686C44-0E36-4D42-A5F1-9AC1D4ABBC22}.Debug|Any CPU.ActiveCfg = Debug|Any CPU
		{7B686C44-0E36-4D42-A5F1-9AC1D4ABBC22}.Debug|Any CPU.Build.0 = Debug|Any CPU
		{7B686C44-0E36-4D42-A5F1-9AC1D4ABBC22}.Release|Any CPU.ActiveCfg = Release|Any CPU
		{7B686C44-0E36-4D42-A5F1-9AC1D4ABBC22}.Release|Any CPU.Build.0 = Release|Any CPU
		{BEE0ADCD-2008-46A7-9A1F-690075CFD131}.Debug|Any CPU.ActiveCfg = Debug|Any CPU
		{BEE0ADCD-2008-46A7-9A1F-690075CFD131}.Debug|Any CPU.Build.0 = Debug|Any CPU
		{BEE0ADCD-2008-46A7-9A1F-690075CFD131}.Release|Any CPU.ActiveCfg = Release|Any CPU
		{BEE0ADCD-2008-46A7-9A1F-690075CFD131}.Release|Any CPU.Build.0 = Release|Any CPU
		{38291566-C6AB-4C16-94F6-2B3D46C374CB}.Debug|Any CPU.ActiveCfg = Debug|Any CPU
		{38291566-C6AB-4C16-94F6-2B3D46C374CB}.Debug|Any CPU.Build.0 = Debug|Any CPU
		{38291566-C6AB-4C16-94F6-2B3D46C374CB}.Release|Any CPU.ActiveCfg = Release|Any CPU
		{38291566-C6AB-4C16-94F6-2B3D46C374CB}.Release|Any CPU.Build.0 = Release|Any CPU
		{479503F8-5211-4536-83BE-E64666F6309F}.Debug|Any CPU.ActiveCfg = Debug|Any CPU
		{479503F8-5211-4536-83BE-E64666F6309F}.Debug|Any CPU.Build.0 = Debug|Any CPU
		{479503F8-5211-4536-83BE-E64666F6309F}.Release|Any CPU.ActiveCfg = Release|Any CPU
		{479503F8-5211-4536-83BE-E64666F6309F}.Release|Any CPU.Build.0 = Release|Any CPU
		{51569727-B2D8-4AD9-897A-BCDAB3509198}.Debug|Any CPU.ActiveCfg = Debug|Any CPU
		{51569727-B2D8-4AD9-897A-BCDAB3509198}.Debug|Any CPU.Build.0 = Debug|Any CPU
		{51569727-B2D8-4AD9-897A-BCDAB3509198}.Release|Any CPU.ActiveCfg = Release|Any CPU
		{51569727-B2D8-4AD9-897A-BCDAB3509198}.Release|Any CPU.Build.0 = Release|Any CPU
		{88EC0FF3-1724-4360-8DF7-C16E752F32CA}.Debug|Any CPU.ActiveCfg = Debug|Any CPU
		{88EC0FF3-1724-4360-8DF7-C16E752F32CA}.Debug|Any CPU.Build.0 = Debug|Any CPU
		{88EC0FF3-1724-4360-8DF7-C16E752F32CA}.Release|Any CPU.ActiveCfg = Release|Any CPU
		{88EC0FF3-1724-4360-8DF7-C16E752F32CA}.Release|Any CPU.Build.0 = Release|Any CPU
		{25C1DCCC-2553-4949-ADD3-B20194833B35}.Debug|Any CPU.ActiveCfg = Debug|Any CPU
		{25C1DCCC-2553-4949-ADD3-B20194833B35}.Debug|Any CPU.Build.0 = Debug|Any CPU
		{25C1DCCC-2553-4949-ADD3-B20194833B35}.Release|Any CPU.ActiveCfg = Release|Any CPU
		{25C1DCCC-2553-4949-ADD3-B20194833B35}.Release|Any CPU.Build.0 = Release|Any CPU
		{31CE758F-1434-45C9-B5BF-52D10BDAD1C0}.Debug|Any CPU.ActiveCfg = Debug|Any CPU
		{31CE758F-1434-45C9-B5BF-52D10BDAD1C0}.Debug|Any CPU.Build.0 = Debug|Any CPU
		{31CE758F-1434-45C9-B5BF-52D10BDAD1C0}.Release|Any CPU.ActiveCfg = Release|Any CPU
		{31CE758F-1434-45C9-B5BF-52D10BDAD1C0}.Release|Any CPU.Build.0 = Release|Any CPU
		{5FF074C9-AB2E-4F88-BBD9-F919E86B23C9}.Debug|Any CPU.ActiveCfg = Debug|Any CPU
		{5FF074C9-AB2E-4F88-BBD9-F919E86B23C9}.Debug|Any CPU.Build.0 = Debug|Any CPU
		{5FF074C9-AB2E-4F88-BBD9-F919E86B23C9}.Release|Any CPU.ActiveCfg = Release|Any CPU
		{5FF074C9-AB2E-4F88-BBD9-F919E86B23C9}.Release|Any CPU.Build.0 = Release|Any CPU
		{9F295869-133E-461B-8A88-9F021F1EC39E}.Debug|Any CPU.ActiveCfg = Debug|Any CPU
		{9F295869-133E-461B-8A88-9F021F1EC39E}.Debug|Any CPU.Build.0 = Debug|Any CPU
		{9F295869-133E-461B-8A88-9F021F1EC39E}.Release|Any CPU.ActiveCfg = Release|Any CPU
		{9F295869-133E-461B-8A88-9F021F1EC39E}.Release|Any CPU.Build.0 = Release|Any CPU
		{DD4A706B-FFE5-42DB-B48E-39F6A6460167}.Debug|Any CPU.ActiveCfg = Debug|Any CPU
		{DD4A706B-FFE5-42DB-B48E-39F6A6460167}.Debug|Any CPU.Build.0 = Debug|Any CPU
		{DD4A706B-FFE5-42DB-B48E-39F6A6460167}.Release|Any CPU.ActiveCfg = Release|Any CPU
		{DD4A706B-FFE5-42DB-B48E-39F6A6460167}.Release|Any CPU.Build.0 = Release|Any CPU
		{A33B841E-D4FF-409F-AE24-964DEAB6B6C4}.Debug|Any CPU.ActiveCfg = Debug|Any CPU
		{A33B841E-D4FF-409F-AE24-964DEAB6B6C4}.Debug|Any CPU.Build.0 = Debug|Any CPU
		{A33B841E-D4FF-409F-AE24-964DEAB6B6C4}.Release|Any CPU.ActiveCfg = Release|Any CPU
		{A33B841E-D4FF-409F-AE24-964DEAB6B6C4}.Release|Any CPU.Build.0 = Release|Any CPU
		{4CA2B7A2-6FE4-451D-A3F4-3B627E7CBE83}.Debug|Any CPU.ActiveCfg = Debug|Any CPU
		{4CA2B7A2-6FE4-451D-A3F4-3B627E7CBE83}.Debug|Any CPU.Build.0 = Debug|Any CPU
		{4CA2B7A2-6FE4-451D-A3F4-3B627E7CBE83}.Release|Any CPU.ActiveCfg = Release|Any CPU
		{4CA2B7A2-6FE4-451D-A3F4-3B627E7CBE83}.Release|Any CPU.Build.0 = Release|Any CPU
		{5D6876F5-7650-4611-B50E-A8B35E10551E}.Debug|Any CPU.ActiveCfg = Debug|Any CPU
		{5D6876F5-7650-4611-B50E-A8B35E10551E}.Debug|Any CPU.Build.0 = Debug|Any CPU
		{5D6876F5-7650-4611-B50E-A8B35E10551E}.Release|Any CPU.ActiveCfg = Release|Any CPU
		{5D6876F5-7650-4611-B50E-A8B35E10551E}.Release|Any CPU.Build.0 = Release|Any CPU
		{B5344628-40A3-4D6E-B9B1-032E6CD70D7D}.Debug|Any CPU.ActiveCfg = Debug|Any CPU
		{B5344628-40A3-4D6E-B9B1-032E6CD70D7D}.Debug|Any CPU.Build.0 = Debug|Any CPU
		{B5344628-40A3-4D6E-B9B1-032E6CD70D7D}.Release|Any CPU.ActiveCfg = Release|Any CPU
		{B5344628-40A3-4D6E-B9B1-032E6CD70D7D}.Release|Any CPU.Build.0 = Release|Any CPU
		{182E6703-1F03-470B-B082-2BAC412A9546}.Debug|Any CPU.ActiveCfg = Debug|Any CPU
		{182E6703-1F03-470B-B082-2BAC412A9546}.Debug|Any CPU.Build.0 = Debug|Any CPU
		{182E6703-1F03-470B-B082-2BAC412A9546}.Release|Any CPU.ActiveCfg = Release|Any CPU
		{182E6703-1F03-470B-B082-2BAC412A9546}.Release|Any CPU.Build.0 = Release|Any CPU
		{B1FD99B9-5AF7-4AF2-AA89-05C6C43531EF}.Debug|Any CPU.ActiveCfg = Debug|Any CPU
		{B1FD99B9-5AF7-4AF2-AA89-05C6C43531EF}.Debug|Any CPU.Build.0 = Debug|Any CPU
		{B1FD99B9-5AF7-4AF2-AA89-05C6C43531EF}.Release|Any CPU.ActiveCfg = Release|Any CPU
		{B1FD99B9-5AF7-4AF2-AA89-05C6C43531EF}.Release|Any CPU.Build.0 = Release|Any CPU
		{BEA7445A-CCFC-47D2-807D-0BC47907AE23}.Debug|Any CPU.ActiveCfg = Debug|Any CPU
		{BEA7445A-CCFC-47D2-807D-0BC47907AE23}.Debug|Any CPU.Build.0 = Debug|Any CPU
		{BEA7445A-CCFC-47D2-807D-0BC47907AE23}.Release|Any CPU.ActiveCfg = Release|Any CPU
		{BEA7445A-CCFC-47D2-807D-0BC47907AE23}.Release|Any CPU.Build.0 = Release|Any CPU
		{68E9B024-47BA-4535-BB8E-30925EB9A939}.Debug|Any CPU.ActiveCfg = Debug|Any CPU
		{68E9B024-47BA-4535-BB8E-30925EB9A939}.Debug|Any CPU.Build.0 = Debug|Any CPU
		{68E9B024-47BA-4535-BB8E-30925EB9A939}.Release|Any CPU.ActiveCfg = Release|Any CPU
		{68E9B024-47BA-4535-BB8E-30925EB9A939}.Release|Any CPU.Build.0 = Release|Any CPU
		{9789F416-F36C-4784-A47B-EA1E491644C4}.Debug|Any CPU.ActiveCfg = Debug|Any CPU
		{9789F416-F36C-4784-A47B-EA1E491644C4}.Debug|Any CPU.Build.0 = Debug|Any CPU
		{9789F416-F36C-4784-A47B-EA1E491644C4}.Release|Any CPU.ActiveCfg = Release|Any CPU
		{9789F416-F36C-4784-A47B-EA1E491644C4}.Release|Any CPU.Build.0 = Release|Any CPU
		{02A1C940-ABCA-4B70-A4BF-32479BCE23CF}.Debug|Any CPU.ActiveCfg = Debug|Any CPU
		{02A1C940-ABCA-4B70-A4BF-32479BCE23CF}.Debug|Any CPU.Build.0 = Debug|Any CPU
		{02A1C940-ABCA-4B70-A4BF-32479BCE23CF}.Release|Any CPU.ActiveCfg = Release|Any CPU
		{02A1C940-ABCA-4B70-A4BF-32479BCE23CF}.Release|Any CPU.Build.0 = Release|Any CPU
		{5E472A05-09AE-406F-8184-9BEC30736C4C}.Debug|Any CPU.ActiveCfg = Debug|Any CPU
		{5E472A05-09AE-406F-8184-9BEC30736C4C}.Debug|Any CPU.Build.0 = Debug|Any CPU
		{5E472A05-09AE-406F-8184-9BEC30736C4C}.Release|Any CPU.ActiveCfg = Release|Any CPU
		{5E472A05-09AE-406F-8184-9BEC30736C4C}.Release|Any CPU.Build.0 = Release|Any CPU
		{D4733D6F-691B-418D-90DC-04F748064DBD}.Debug|Any CPU.ActiveCfg = Debug|Any CPU
		{D4733D6F-691B-418D-90DC-04F748064DBD}.Debug|Any CPU.Build.0 = Debug|Any CPU
		{D4733D6F-691B-418D-90DC-04F748064DBD}.Release|Any CPU.ActiveCfg = Release|Any CPU
		{D4733D6F-691B-418D-90DC-04F748064DBD}.Release|Any CPU.Build.0 = Release|Any CPU
		{7ED563C8-8B35-4988-94B7-203E4B874F3F}.Debug|Any CPU.ActiveCfg = Debug|Any CPU
		{7ED563C8-8B35-4988-94B7-203E4B874F3F}.Debug|Any CPU.Build.0 = Debug|Any CPU
		{7ED563C8-8B35-4988-94B7-203E4B874F3F}.Release|Any CPU.ActiveCfg = Release|Any CPU
		{7ED563C8-8B35-4988-94B7-203E4B874F3F}.Release|Any CPU.Build.0 = Release|Any CPU
		{BEECEEAB-6748-45B0-874C-F66A4865468B}.Debug|Any CPU.ActiveCfg = Debug|Any CPU
		{BEECEEAB-6748-45B0-874C-F66A4865468B}.Debug|Any CPU.Build.0 = Debug|Any CPU
		{BEECEEAB-6748-45B0-874C-F66A4865468B}.Release|Any CPU.ActiveCfg = Release|Any CPU
		{BEECEEAB-6748-45B0-874C-F66A4865468B}.Release|Any CPU.Build.0 = Release|Any CPU
		{69305556-89BD-42A0-931F-6F6EA7CFB852}.Debug|Any CPU.ActiveCfg = Debug|Any CPU
		{69305556-89BD-42A0-931F-6F6EA7CFB852}.Debug|Any CPU.Build.0 = Debug|Any CPU
		{69305556-89BD-42A0-931F-6F6EA7CFB852}.Release|Any CPU.ActiveCfg = Release|Any CPU
		{69305556-89BD-42A0-931F-6F6EA7CFB852}.Release|Any CPU.Build.0 = Release|Any CPU
		{895DFA92-C63F-4353-B27B-5DCA2E3C9AE5}.Debug|Any CPU.ActiveCfg = Debug|Any CPU
		{895DFA92-C63F-4353-B27B-5DCA2E3C9AE5}.Debug|Any CPU.Build.0 = Debug|Any CPU
		{895DFA92-C63F-4353-B27B-5DCA2E3C9AE5}.Release|Any CPU.ActiveCfg = Release|Any CPU
		{895DFA92-C63F-4353-B27B-5DCA2E3C9AE5}.Release|Any CPU.Build.0 = Release|Any CPU
	EndGlobalSection
EndGlobal
